
Microsoft Visual Studio Solution File, Format Version 12.00
# Visual Studio Version 17
VisualStudioVersion = 17.5.33414.496
MinimumVisualStudioVersion = 10.0.40219.1
Project("{FAE04EC0-301F-11D3-BF4B-00C04F79EFBC}") = "Cafeteria Management System", "Cafeteria Management System\Cafeteria Management System.csproj", "{D38E32DC-4E25-4975-9A80-FD2448CC3DCB}"
EndProject
Global
	GlobalSection(SolutionConfigurationPlatforms) = preSolution
		Debug|Any CPU = Debug|Any CPU
		Debug|x64 = Debug|x64
		Release|Any CPU = Release|Any CPU
		Release|x64 = Release|x64
	EndGlobalSection
	GlobalSection(ProjectConfigurationPlatforms) = postSolution
		{D38E32DC-4E25-4975-9A80-FD2448CC3DCB}.Debug|Any CPU.ActiveCfg = Debug|Any CPU
		{D38E32DC-4E25-4975-9A80-FD2448CC3DCB}.Debug|Any CPU.Build.0 = Debug|Any CPU
		{D38E32DC-4E25-4975-9A80-FD2448CC3DCB}.Debug|x64.ActiveCfg = Debug|x64
		{D38E32DC-4E25-4975-9A80-FD2448CC3DCB}.Debug|x64.Build.0 = Debug|x64
		{D38E32DC-4E25-4975-9A80-FD2448CC3DCB}.Release|Any CPU.ActiveCfg = Release|Any CPU
		{D38E32DC-4E25-4975-9A80-FD2448CC3DCB}.Release|Any CPU.Build.0 = Release|Any CPU
		{D38E32DC-4E25-4975-9A80-FD2448CC3DCB}.Release|x64.ActiveCfg = Release|x64
		{D38E32DC-4E25-4975-9A80-FD2448CC3DCB}.Release|x64.Build.0 = Release|x64
	EndGlobalSection
	GlobalSection(SolutionProperties) = preSolution
		HideSolutionNode = FALSE
	EndGlobalSection
	GlobalSection(ExtensibilityGlobals) = postSolution
		SolutionGuid = {6286B67F-CB41-4D1C-8405-2AE6FA629AF3}
	EndGlobalSection
EndGlobal
